
Microsoft Visual Studio Solution File, Format Version 12.00
# Visual Studio 15
VisualStudioVersion = 15.0.27428.2015
MinimumVisualStudioVersion = 10.0.40219.1
Project("{FAE04EC0-301F-11D3-BF4B-00C04F79EFBC}") = "FF12TZAPCPatcher", "FF12TZAPCPatcher\FF12TZAPCPatcher.csproj", "{2666445B-B4A0-431D-B191-DCCB82BA10EF}"
EndProject
Global
	GlobalSection(SolutionConfigurationPlatforms) = preSolution
		Debug|Any CPU = Debug|Any CPU
		Release|Any CPU = Release|Any CPU
	EndGlobalSection
	GlobalSection(ProjectConfigurationPlatforms) = postSolution
		{2666445B-B4A0-431D-B191-DCCB82BA10EF}.Debug|Any CPU.ActiveCfg = Debug|Any CPU
		{2666445B-B4A0-431D-B191-DCCB82BA10EF}.Debug|Any CPU.Build.0 = Debug|Any CPU
		{2666445B-B4A0-431D-B191-DCCB82BA10EF}.Release|Any CPU.ActiveCfg = Release|Any CPU
		{2666445B-B4A0-431D-B191-DCCB82BA10EF}.Release|Any CPU.Build.0 = Release|Any CPU
	EndGlobalSection
	GlobalSection(SolutionProperties) = preSolution
		HideSolutionNode = FALSE
	EndGlobalSection
	GlobalSection(ExtensibilityGlobals) = postSolution
		SolutionGuid = {3D91A00D-6DB5-4E31-8B2A-D7F5308DE523}
	EndGlobalSection
EndGlobal
